
Microsoft Visual Studio Solution File, Format Version 12.00
# Visual Studio Version 17
VisualStudioVersion = 17.9.34616.47
MinimumVisualStudioVersion = 10.0.40219.1
Project("{FAE04EC0-301F-11D3-BF4B-00C04F79EFBC}") = "ProjetoContatos", "ProjetoContatos\ProjetoContatos.csproj", "{AFA22D2F-F355-47D2-A67D-D4A4C38841B8}"
EndProject
Global
	GlobalSection(SolutionConfigurationPlatforms) = preSolution
		Debug|Any CPU = Debug|Any CPU
		Release|Any CPU = Release|Any CPU
	EndGlobalSection
	GlobalSection(ProjectConfigurationPlatforms) = postSolution
		{AFA22D2F-F355-47D2-A67D-D4A4C38841B8}.Debug|Any CPU.ActiveCfg = Debug|Any CPU
		{AFA22D2F-F355-47D2-A67D-D4A4C38841B8}.Debug|Any CPU.Build.0 = Debug|Any CPU
		{AFA22D2F-F355-47D2-A67D-D4A4C38841B8}.Release|Any CPU.ActiveCfg = Release|Any CPU
		{AFA22D2F-F355-47D2-A67D-D4A4C38841B8}.Release|Any CPU.Build.0 = Release|Any CPU
	EndGlobalSection
	GlobalSection(SolutionProperties) = preSolution
		HideSolutionNode = FALSE
	EndGlobalSection
	GlobalSection(ExtensibilityGlobals) = postSolution
		SolutionGuid = {C8015A2D-A1BC-4E85-A5EF-7A304E1C9E52}
	EndGlobalSection
EndGlobal
