
Microsoft Visual Studio Solution File, Format Version 12.00
# Visual Studio Version 17
VisualStudioVersion = 17.9.34616.47
MinimumVisualStudioVersion = 10.0.40219.1
Project("{FAE04EC0-301F-11D3-BF4B-00C04F79EFBC}") = "PrimeiroProjetoDesktop", "PrimeiroProjetoDesktop\PrimeiroProjetoDesktop.csproj", "{6FBF2F10-DE5B-47FA-93E3-E98AD17E3FEB}"
EndProject
Global
	GlobalSection(SolutionConfigurationPlatforms) = preSolution
		Debug|Any CPU = Debug|Any CPU
		Release|Any CPU = Release|Any CPU
	EndGlobalSection
	GlobalSection(ProjectConfigurationPlatforms) = postSolution
		{6FBF2F10-DE5B-47FA-93E3-E98AD17E3FEB}.Debug|Any CPU.ActiveCfg = Debug|Any CPU
		{6FBF2F10-DE5B-47FA-93E3-E98AD17E3FEB}.Debug|Any CPU.Build.0 = Debug|Any CPU
		{6FBF2F10-DE5B-47FA-93E3-E98AD17E3FEB}.Release|Any CPU.ActiveCfg = Release|Any CPU
		{6FBF2F10-DE5B-47FA-93E3-E98AD17E3FEB}.Release|Any CPU.Build.0 = Release|Any CPU
	EndGlobalSection
	GlobalSection(SolutionProperties) = preSolution
		HideSolutionNode = FALSE
	EndGlobalSection
	GlobalSection(ExtensibilityGlobals) = postSolution
		SolutionGuid = {D6350C8C-04F8-4102-8BCD-28233F450B4C}
	EndGlobalSection
EndGlobal
